// !$*UTF8*$!
{
	archiveVersion = 1;
	classes = {
	};
	objectVersion = 56;
	objects = {

/* Begin PBXBuildFile section */
		640F2AD5293C955200F78B91 /* Video.swift in Sources */ = {isa = PBXBuildFile; fileRef = 640F2AD4293C955200F78B91 /* Video.swift */; };
		648808202988AEC9003D7AA6 /* video.MOV in Resources */ = {isa = PBXBuildFile; fileRef = 6488081F2988AEC9003D7AA6 /* video.MOV */; };
		649A9270293A2D0D0033D6C3 /* AppDelegate.swift in Sources */ = {isa = PBXBuildFile; fileRef = 649A926F293A2D0D0033D6C3 /* AppDelegate.swift */; };
		649A9272293A2D0D0033D6C3 /* SceneDelegate.swift in Sources */ = {isa = PBXBuildFile; fileRef = 649A9271293A2D0D0033D6C3 /* SceneDelegate.swift */; };
		649A9274293A2D0D0033D6C3 /* ViewController.swift in Sources */ = {isa = PBXBuildFile; fileRef = 649A9273293A2D0D0033D6C3 /* ViewController.swift */; };
		649A9277293A2D0D0033D6C3 /* Main.storyboard in Resources */ = {isa = PBXBuildFile; fileRef = 649A9275293A2D0D0033D6C3 /* Main.storyboard */; };
		649A9279293A2D0E0033D6C3 /* Assets.xcassets in Resources */ = {isa = PBXBuildFile; fileRef = 649A9278293A2D0E0033D6C3 /* Assets.xcassets */; };
		649A927C293A2D0E0033D6C3 /* LaunchScreen.storyboard in Resources */ = {isa = PBXBuildFile; fileRef = 649A927A293A2D0E0033D6C3 /* LaunchScreen.storyboard */; };
		649A928A293A2EB00033D6C3 /* Camera.swift in Sources */ = {isa = PBXBuildFile; fileRef = 649A9289293A2EB00033D6C3 /* Camera.swift */; };
		649A928E293A32AB0033D6C3 /* HandTracker.framework in Frameworks */ = {isa = PBXBuildFile; fileRef = 649A9286293A2E7C0033D6C3 /* HandTracker.framework */; };
		649A928F293A32AB0033D6C3 /* HandTracker.framework in Embed Frameworks */ = {isa = PBXBuildFile; fileRef = 649A9286293A2E7C0033D6C3 /* HandTracker.framework */; settings = {ATTRIBUTES = (CodeSignOnCopy, RemoveHeadersOnCopy, ); }; };
		649A929A293A3C2A0033D6C3 /* libc++.tbd in Frameworks */ = {isa = PBXBuildFile; fileRef = 649A9299293A3C2A0033D6C3 /* libc++.tbd */; };
		649A929C293A3C340033D6C3 /* libresolv.9.tbd in Frameworks */ = {isa = PBXBuildFile; fileRef = 649A929B293A3C330033D6C3 /* libresolv.9.tbd */; };
		64EF18682988EA5700ED9E79 /* libNDIWrapper.a in Frameworks */ = {isa = PBXBuildFile; fileRef = 64EF18672988EA5700ED9E79 /* libNDIWrapper.a */; };
/* End PBXBuildFile section */

/* Begin PBXCopyFilesBuildPhase section */
		649A9290293A32AB0033D6C3 /* Embed Frameworks */ = {
			isa = PBXCopyFilesBuildPhase;
			buildActionMask = 2147483647;
			dstPath = "";
			dstSubfolderSpec = 10;
			files = (
				649A928F293A32AB0033D6C3 /* HandTracker.framework in Embed Frameworks */,
			);
			name = "Embed Frameworks";
			runOnlyForDeploymentPostprocessing = 0;
		};
/* End PBXCopyFilesBuildPhase section */

/* Begin PBXFileReference section */
		640F2AD4293C955200F78B91 /* Video.swift */ = {isa = PBXFileReference; lastKnownFileType = sourcecode.swift; path = Video.swift; sourceTree = "<group>"; };
		6488081F2988AEC9003D7AA6 /* video.MOV */ = {isa = PBXFileReference; lastKnownFileType = video.quicktime; path = video.MOV; sourceTree = "<group>"; };
		649A926C293A2D0D0033D6C3 /* HandTrackingApp.app */ = {isa = PBXFileReference; explicitFileType = wrapper.application; includeInIndex = 0; path = HandTrackingApp.app; sourceTree = BUILT_PRODUCTS_DIR; };
		649A926F293A2D0D0033D6C3 /* AppDelegate.swift */ = {isa = PBXFileReference; lastKnownFileType = sourcecode.swift; path = AppDelegate.swift; sourceTree = "<group>"; };
		649A9271293A2D0D0033D6C3 /* SceneDelegate.swift */ = {isa = PBXFileReference; lastKnownFileType = sourcecode.swift; path = SceneDelegate.swift; sourceTree = "<group>"; };
		649A9273293A2D0D0033D6C3 /* ViewController.swift */ = {isa = PBXFileReference; lastKnownFileType = sourcecode.swift; path = ViewController.swift; sourceTree = "<group>"; };
		649A9276293A2D0D0033D6C3 /* Base */ = {isa = PBXFileReference; lastKnownFileType = file.storyboard; name = Base; path = Base.lproj/Main.storyboard; sourceTree = "<group>"; };
		649A9278293A2D0E0033D6C3 /* Assets.xcassets */ = {isa = PBXFileReference; lastKnownFileType = folder.assetcatalog; path = Assets.xcassets; sourceTree = "<group>"; };
		649A927B293A2D0E0033D6C3 /* Base */ = {isa = PBXFileReference; lastKnownFileType = file.storyboard; name = Base; path = Base.lproj/LaunchScreen.storyboard; sourceTree = "<group>"; };
		649A927D293A2D0E0033D6C3 /* Info.plist */ = {isa = PBXFileReference; lastKnownFileType = text.plist.xml; path = Info.plist; sourceTree = "<group>"; };
		649A9286293A2E7C0033D6C3 /* HandTracker.framework */ = {isa = PBXFileReference; lastKnownFileType = wrapper.framework; name = HandTracker.framework; path = frameworks/HandTracker.framework; sourceTree = "<group>"; };
		649A9289293A2EB00033D6C3 /* Camera.swift */ = {isa = PBXFileReference; fileEncoding = 4; lastKnownFileType = sourcecode.swift; path = Camera.swift; sourceTree = "<group>"; };
		649A928B293A316A0033D6C3 /* HandTrackingApp-Bridging-Header.h */ = {isa = PBXFileReference; lastKnownFileType = sourcecode.c.h; path = "HandTrackingApp-Bridging-Header.h"; sourceTree = "<group>"; };
		649A9299293A3C2A0033D6C3 /* libc++.tbd */ = {isa = PBXFileReference; lastKnownFileType = "sourcecode.text-based-dylib-definition"; name = "libc++.tbd"; path = "Platforms/iPhoneOS.platform/Developer/SDKs/iPhoneOS.sdk/usr/lib/libc++.tbd"; sourceTree = DEVELOPER_DIR; };
		649A929B293A3C330033D6C3 /* libresolv.9.tbd */ = {isa = PBXFileReference; lastKnownFileType = "sourcecode.text-based-dylib-definition"; name = libresolv.9.tbd; path = Platforms/iPhoneOS.platform/Developer/SDKs/iPhoneOS.sdk/usr/lib/libresolv.9.tbd; sourceTree = DEVELOPER_DIR; };
		64EF18672988EA5700ED9E79 /* libNDIWrapper.a */ = {isa = PBXFileReference; lastKnownFileType = archive.ar; name = libNDIWrapper.a; path = frameworks/libNDIWrapper.a; sourceTree = "<group>"; };
/* End PBXFileReference section */

/* Begin PBXFrameworksBuildPhase section */
		649A9269293A2D0D0033D6C3 /* Frameworks */ = {
			isa = PBXFrameworksBuildPhase;
			buildActionMask = 2147483647;
			files = (
				649A928E293A32AB0033D6C3 /* HandTracker.framework in Frameworks */,
				64EF18682988EA5700ED9E79 /* libNDIWrapper.a in Frameworks */,
				649A929C293A3C340033D6C3 /* libresolv.9.tbd in Frameworks */,
				649A929A293A3C2A0033D6C3 /* libc++.tbd in Frameworks */,
			);
			runOnlyForDeploymentPostprocessing = 0;
		};
/* End PBXFrameworksBuildPhase section */

/* Begin PBXGroup section */
		649A9263293A2D0D0033D6C3 = {
			isa = PBXGroup;
			children = (
				6488081F2988AEC9003D7AA6 /* video.MOV */,
				649A926E293A2D0D0033D6C3 /* HandTrackingApp */,
				649A926D293A2D0D0033D6C3 /* Products */,
				649A9283293A2DA00033D6C3 /* Frameworks */,
				649A928B293A316A0033D6C3 /* HandTrackingApp-Bridging-Header.h */,
			);
			sourceTree = "<group>";
		};
		649A926D293A2D0D0033D6C3 /* Products */ = {
			isa = PBXGroup;
			children = (
				649A926C293A2D0D0033D6C3 /* HandTrackingApp.app */,
			);
			name = Products;
			sourceTree = "<group>";
		};
		649A926E293A2D0D0033D6C3 /* HandTrackingApp */ = {
			isa = PBXGroup;
			children = (
				649A9289293A2EB00033D6C3 /* Camera.swift */,
				640F2AD4293C955200F78B91 /* Video.swift */,
				649A926F293A2D0D0033D6C3 /* AppDelegate.swift */,
				649A9271293A2D0D0033D6C3 /* SceneDelegate.swift */,
				649A9273293A2D0D0033D6C3 /* ViewController.swift */,
				649A9275293A2D0D0033D6C3 /* Main.storyboard */,
				649A9278293A2D0E0033D6C3 /* Assets.xcassets */,
				649A927A293A2D0E0033D6C3 /* LaunchScreen.storyboard */,
				649A927D293A2D0E0033D6C3 /* Info.plist */,
			);
			path = HandTrackingApp;
			sourceTree = "<group>";
		};
		649A9283293A2DA00033D6C3 /* Frameworks */ = {
			isa = PBXGroup;
			children = (
				649A929B293A3C330033D6C3 /* libresolv.9.tbd */,
				649A9299293A3C2A0033D6C3 /* libc++.tbd */,
				64EF18672988EA5700ED9E79 /* libNDIWrapper.a */,
				649A9286293A2E7C0033D6C3 /* HandTracker.framework */,
			);
			name = Frameworks;
			sourceTree = "<group>";
		};
/* End PBXGroup section */

/* Begin PBXNativeTarget section */
		649A926B293A2D0D0033D6C3 /* HandTrackingApp */ = {
			isa = PBXNativeTarget;
			buildConfigurationList = 649A9280293A2D0E0033D6C3 /* Build configuration list for PBXNativeTarget "HandTrackingApp" */;
			buildPhases = (
				649A9268293A2D0D0033D6C3 /* Sources */,
				649A9269293A2D0D0033D6C3 /* Frameworks */,
				649A926A293A2D0D0033D6C3 /* Resources */,
				649A9290293A32AB0033D6C3 /* Embed Frameworks */,
			);
			buildRules = (
			);
			dependencies = (
			);
			name = HandTrackingApp;
			productName = HandTrackingApp;
			productReference = 649A926C293A2D0D0033D6C3 /* HandTrackingApp.app */;
			productType = "com.apple.product-type.application";
		};
/* End PBXNativeTarget section */

/* Begin PBXProject section */
		649A9264293A2D0D0033D6C3 /* Project object */ = {
			isa = PBXProject;
			attributes = {
				BuildIndependentTargetsInParallel = 1;
				LastSwiftUpdateCheck = 1400;
				LastUpgradeCheck = 1400;
				TargetAttributes = {
					649A926B293A2D0D0033D6C3 = {
						CreatedOnToolsVersion = 14.0.1;
						LastSwiftMigration = 1400;
					};
				};
			};
			buildConfigurationList = 649A9267293A2D0D0033D6C3 /* Build configuration list for PBXProject "HandTrackingApp" */;
			compatibilityVersion = "Xcode 14.0";
			developmentRegion = en;
			hasScannedForEncodings = 0;
			knownRegions = (
				en,
				Base,
			);
			mainGroup = 649A9263293A2D0D0033D6C3;
			productRefGroup = 649A926D293A2D0D0033D6C3 /* Products */;
			projectDirPath = "";
			projectRoot = "";
			targets = (
				649A926B293A2D0D0033D6C3 /* HandTrackingApp */,
			);
		};
/* End PBXProject section */

/* Begin PBXResourcesBuildPhase section */
		649A926A293A2D0D0033D6C3 /* Resources */ = {
			isa = PBXResourcesBuildPhase;
			buildActionMask = 2147483647;
			files = (
				649A927C293A2D0E0033D6C3 /* LaunchScreen.storyboard in Resources */,
				649A9279293A2D0E0033D6C3 /* Assets.xcassets in Resources */,
				648808202988AEC9003D7AA6 /* video.MOV in Resources */,
				649A9277293A2D0D0033D6C3 /* Main.storyboard in Resources */,
			);
			runOnlyForDeploymentPostprocessing = 0;
		};
/* End PBXResourcesBuildPhase section */

/* Begin PBXSourcesBuildPhase section */
		649A9268293A2D0D0033D6C3 /* Sources */ = {
			isa = PBXSourcesBuildPhase;
			buildActionMask = 2147483647;
			files = (
				649A928A293A2EB00033D6C3 /* Camera.swift in Sources */,
				649A9274293A2D0D0033D6C3 /* ViewController.swift in Sources */,
				649A9270293A2D0D0033D6C3 /* AppDelegate.swift in Sources */,
				649A9272293A2D0D0033D6C3 /* SceneDelegate.swift in Sources */,
				640F2AD5293C955200F78B91 /* Video.swift in Sources */,
			);
			runOnlyForDeploymentPostprocessing = 0;
		};
/* End PBXSourcesBuildPhase section */

/* Begin PBXVariantGroup section */
		649A9275293A2D0D0033D6C3 /* Main.storyboard */ = {
			isa = PBXVariantGroup;
			children = (
				649A9276293A2D0D0033D6C3 /* Base */,
			);
			name = Main.storyboard;
			sourceTree = "<group>";
		};
		649A927A293A2D0E0033D6C3 /* LaunchScreen.storyboard */ = {
			isa = PBXVariantGroup;
			children = (
				649A927B293A2D0E0033D6C3 /* Base */,
			);
			name = LaunchScreen.storyboard;
			sourceTree = "<group>";
		};
/* End PBXVariantGroup section */

/* Begin XCBuildConfiguration section */
		649A927E293A2D0E0033D6C3 /* Debug */ = {
			isa = XCBuildConfiguration;
			buildSettings = {
				ALWAYS_SEARCH_USER_PATHS = NO;
				CLANG_ANALYZER_NONNULL = YES;
				CLANG_ANALYZER_NUMBER_OBJECT_CONVERSION = YES_AGGRESSIVE;
				CLANG_CXX_LANGUAGE_STANDARD = "gnu++20";
				CLANG_ENABLE_MODULES = YES;
				CLANG_ENABLE_OBJC_ARC = YES;
				CLANG_ENABLE_OBJC_WEAK = YES;
				CLANG_WARN_BLOCK_CAPTURE_AUTORELEASING = YES;
				CLANG_WARN_BOOL_CONVERSION = YES;
				CLANG_WARN_COMMA = YES;
				CLANG_WARN_CONSTANT_CONVERSION = YES;
				CLANG_WARN_DEPRECATED_OBJC_IMPLEMENTATIONS = YES;
				CLANG_WARN_DIRECT_OBJC_ISA_USAGE = YES_ERROR;
				CLANG_WARN_DOCUMENTATION_COMMENTS = YES;
				CLANG_WARN_EMPTY_BODY = YES;
				CLANG_WARN_ENUM_CONVERSION = YES;
				CLANG_WARN_INFINITE_RECURSION = YES;
				CLANG_WARN_INT_CONVERSION = YES;
				CLANG_WARN_NON_LITERAL_NULL_CONVERSION = YES;
				CLANG_WARN_OBJC_IMPLICIT_RETAIN_SELF = YES;
				CLANG_WARN_OBJC_LITERAL_CONVERSION = YES;
				CLANG_WARN_OBJC_ROOT_CLASS = YES_ERROR;
				CLANG_WARN_QUOTED_INCLUDE_IN_FRAMEWORK_HEADER = YES;
				CLANG_WARN_RANGE_LOOP_ANALYSIS = YES;
				CLANG_WARN_STRICT_PROTOTYPES = YES;
				CLANG_WARN_SUSPICIOUS_MOVE = YES;
				CLANG_WARN_UNGUARDED_AVAILABILITY = YES_AGGRESSIVE;
				CLANG_WARN_UNREACHABLE_CODE = YES;
				CLANG_WARN__DUPLICATE_METHOD_MATCH = YES;
				COPY_PHASE_STRIP = NO;
				DEBUG_INFORMATION_FORMAT = dwarf;
				ENABLE_STRICT_OBJC_MSGSEND = YES;
				ENABLE_TESTABILITY = YES;
				FRAMEWORK_SEARCH_PATHS = "";
				GCC_C_LANGUAGE_STANDARD = gnu11;
				GCC_DYNAMIC_NO_PIC = NO;
				GCC_NO_COMMON_BLOCKS = YES;
				GCC_OPTIMIZATION_LEVEL = 0;
				GCC_PREPROCESSOR_DEFINITIONS = (
					"DEBUG=1",
					"$(inherited)",
				);
				GCC_WARN_64_TO_32_BIT_CONVERSION = YES;
				GCC_WARN_ABOUT_RETURN_TYPE = YES_ERROR;
				GCC_WARN_UNDECLARED_SELECTOR = YES;
				GCC_WARN_UNINITIALIZED_AUTOS = YES_AGGRESSIVE;
				GCC_WARN_UNUSED_FUNCTION = YES;
				GCC_WARN_UNUSED_VARIABLE = YES;
				HEADER_SEARCH_PATHS = "$(PROJECT_DIR)/frameworks";
				IPHONEOS_DEPLOYMENT_TARGET = 16.0;
				MTL_ENABLE_DEBUG_INFO = INCLUDE_SOURCE;
				MTL_FAST_MATH = YES;
				ONLY_ACTIVE_ARCH = YES;
				SDKROOT = iphoneos;
				SWIFT_ACTIVE_COMPILATION_CONDITIONS = DEBUG;
				SWIFT_OPTIMIZATION_LEVEL = "-Onone";
			};
			name = Debug;
		};
		649A927F293A2D0E0033D6C3 /* Release */ = {
			isa = XCBuildConfiguration;
			buildSettings = {
				ALWAYS_SEARCH_USER_PATHS = NO;
				CLANG_ANALYZER_NONNULL = YES;
				CLANG_ANALYZER_NUMBER_OBJECT_CONVERSION = YES_AGGRESSIVE;
				CLANG_CXX_LANGUAGE_STANDARD = "gnu++20";
				CLANG_ENABLE_MODULES = YES;
				CLANG_ENABLE_OBJC_ARC = YES;
				CLANG_ENABLE_OBJC_WEAK = YES;
				CLANG_WARN_BLOCK_CAPTURE_AUTORELEASING = YES;
				CLANG_WARN_BOOL_CONVERSION = YES;
				CLANG_WARN_COMMA = YES;
				CLANG_WARN_CONSTANT_CONVERSION = YES;
				CLANG_WARN_DEPRECATED_OBJC_IMPLEMENTATIONS = YES;
				CLANG_WARN_DIRECT_OBJC_ISA_USAGE = YES_ERROR;
				CLANG_WARN_DOCUMENTATION_COMMENTS = YES;
				CLANG_WARN_EMPTY_BODY = YES;
				CLANG_WARN_ENUM_CONVERSION = YES;
				CLANG_WARN_INFINITE_RECURSION = YES;
				CLANG_WARN_INT_CONVERSION = YES;
				CLANG_WARN_NON_LITERAL_NULL_CONVERSION = YES;
				CLANG_WARN_OBJC_IMPLICIT_RETAIN_SELF = YES;
				CLANG_WARN_OBJC_LITERAL_CONVERSION = YES;
				CLANG_WARN_OBJC_ROOT_CLASS = YES_ERROR;
				CLANG_WARN_QUOTED_INCLUDE_IN_FRAMEWORK_HEADER = YES;
				CLANG_WARN_RANGE_LOOP_ANALYSIS = YES;
				CLANG_WARN_STRICT_PROTOTYPES = YES;
				CLANG_WARN_SUSPICIOUS_MOVE = YES;
				CLANG_WARN_UNGUARDED_AVAILABILITY = YES_AGGRESSIVE;
				CLANG_WARN_UNREACHABLE_CODE = YES;
				CLANG_WARN__DUPLICATE_METHOD_MATCH = YES;
				COPY_PHASE_STRIP = NO;
				DEBUG_INFORMATION_FORMAT = "dwarf-with-dsym";
				ENABLE_NS_ASSERTIONS = NO;
				ENABLE_STRICT_OBJC_MSGSEND = YES;
				FRAMEWORK_SEARCH_PATHS = "";
				GCC_C_LANGUAGE_STANDARD = gnu11;
				GCC_NO_COMMON_BLOCKS = YES;
				GCC_WARN_64_TO_32_BIT_CONVERSION = YES;
				GCC_WARN_ABOUT_RETURN_TYPE = YES_ERROR;
				GCC_WARN_UNDECLARED_SELECTOR = YES;
				GCC_WARN_UNINITIALIZED_AUTOS = YES_AGGRESSIVE;
				GCC_WARN_UNUSED_FUNCTION = YES;
				GCC_WARN_UNUSED_VARIABLE = YES;
				HEADER_SEARCH_PATHS = "$(PROJECT_DIR)/frameworks";
				IPHONEOS_DEPLOYMENT_TARGET = 16.0;
				MTL_ENABLE_DEBUG_INFO = NO;
				MTL_FAST_MATH = YES;
				SDKROOT = iphoneos;
				SWIFT_COMPILATION_MODE = wholemodule;
				SWIFT_OPTIMIZATION_LEVEL = "-O";
				VALIDATE_PRODUCT = YES;
			};
			name = Release;
		};
		649A9281293A2D0E0033D6C3 /* Debug */ = {
			isa = XCBuildConfiguration;
			buildSettings = {
				ASSETCATALOG_COMPILER_APPICON_NAME = AppIcon;
				ASSETCATALOG_COMPILER_GLOBAL_ACCENT_COLOR_NAME = AccentColor;
				CLANG_ENABLE_MODULES = YES;
				CODE_SIGN_STYLE = Automatic;
				CURRENT_PROJECT_VERSION = 1;
				DEVELOPMENT_TEAM = TS74H29FT9;
				FRAMEWORK_SEARCH_PATHS = (
					"$(inherited)",
					"$(PROJECT_DIR)/frameworks",
				);
				GENERATE_INFOPLIST_FILE = YES;
				HEADER_SEARCH_PATHS = "$(PROJECT_DIR)/frameworks";
				INFOPLIST_FILE = HandTrackingApp/Info.plist;
				INFOPLIST_KEY_NSCameraUsageDescription = "";
				INFOPLIST_KEY_NSLocalNetworkUsageDescription = "";
				INFOPLIST_KEY_NSMicrophoneUsageDescription = "";
				INFOPLIST_KEY_UIApplicationSupportsIndirectInputEvents = YES;
				INFOPLIST_KEY_UILaunchStoryboardName = LaunchScreen;
				INFOPLIST_KEY_UIMainStoryboardFile = Main;
				INFOPLIST_KEY_UIRequiredDeviceCapabilities = armv7;
				INFOPLIST_KEY_UISupportedInterfaceOrientations = UIInterfaceOrientationLandscapeLeft;
				LD_RUNPATH_SEARCH_PATHS = (
					"$(inherited)",
					"@executable_path/Frameworks",
				);
				LIBRARY_SEARCH_PATHS = (
					"$(PROJECT_DIR)",
					"$(PROJECT_DIR)/frameworks",
				);
				MARKETING_VERSION = 1.0;
				PRODUCT_BUNDLE_IDENTIFIER = jp.p4n.demo.handtracking.HandTrackingApp;
				PRODUCT_NAME = "$(TARGET_NAME)";
				SWIFT_EMIT_LOC_STRINGS = YES;
				SWIFT_OBJC_BRIDGING_HEADER = "HandTrackingApp-Bridging-Header.h";
				SWIFT_OPTIMIZATION_LEVEL = "-Onone";
				SWIFT_VERSION = 5.0;
				TARGETED_DEVICE_FAMILY = "1,2";
			};
			name = Debug;
		};
		649A9282293A2D0E0033D6C3 /* Release */ = {
			isa = XCBuildConfiguration;
			buildSettings = {
				ASSETCATALOG_COMPILER_APPICON_NAME = AppIcon;
				ASSETCATALOG_COMPILER_GLOBAL_ACCENT_COLOR_NAME = AccentColor;
				CLANG_ENABLE_MODULES = YES;
				CODE_SIGN_STYLE = Automatic;
				CURRENT_PROJECT_VERSION = 1;
				DEVELOPMENT_TEAM = TS74H29FT9;
				FRAMEWORK_SEARCH_PATHS = (
					"$(inherited)",
					"$(PROJECT_DIR)/frameworks",
				);
				GENERATE_INFOPLIST_FILE = YES;
				HEADER_SEARCH_PATHS = "$(PROJECT_DIR)/frameworks";
				INFOPLIST_FILE = HandTrackingApp/Info.plist;
				INFOPLIST_KEY_NSCameraUsageDescription = "";
				INFOPLIST_KEY_NSLocalNetworkUsageDescription = "";
				INFOPLIST_KEY_NSMicrophoneUsageDescription = "";
				INFOPLIST_KEY_UIApplicationSupportsIndirectInputEvents = YES;
				INFOPLIST_KEY_UILaunchStoryboardName = LaunchScreen;
				INFOPLIST_KEY_UIMainStoryboardFile = Main;
				INFOPLIST_KEY_UIRequiredDeviceCapabilities = armv7;
				INFOPLIST_KEY_UISupportedInterfaceOrientations = UIInterfaceOrientationLandscapeLeft;
				LD_RUNPATH_SEARCH_PATHS = (
					"$(inherited)",
					"@executable_path/Frameworks",
				);
				LIBRARY_SEARCH_PATHS = (
					"$(PROJECT_DIR)",
					"$(PROJECT_DIR)/frameworks",
				);
				MARKETING_VERSION = 1.0;
				PRODUCT_BUNDLE_IDENTIFIER = jp.p4n.demo.handtracking.HandTrackingApp;
				PRODUCT_NAME = "$(TARGET_NAME)";
				SWIFT_EMIT_LOC_STRINGS = YES;
				SWIFT_OBJC_BRIDGING_HEADER = "HandTrackingApp-Bridging-Header.h";
				SWIFT_VERSION = 5.0;
				TARGETED_DEVICE_FAMILY = "1,2";
			};
			name = Release;
		};
/* End XCBuildConfiguration section */

/* Begin XCConfigurationList section */
		649A9267293A2D0D0033D6C3 /* Build configuration list for PBXProject "HandTrackingApp" */ = {
			isa = XCConfigurationList;
			buildConfigurations = (
				649A927E293A2D0E0033D6C3 /* Debug */,
				649A927F293A2D0E0033D6C3 /* Release */,
			);
			defaultConfigurationIsVisible = 0;
			defaultConfigurationName = Release;
		};
		649A9280293A2D0E0033D6C3 /* Build configuration list for PBXNativeTarget "HandTrackingApp" */ = {
			isa = XCConfigurationList;
			buildConfigurations = (
				649A9281293A2D0E0033D6C3 /* Debug */,
				649A9282293A2D0E0033D6C3 /* Release */,
			);
			defaultConfigurationIsVisible = 0;
			defaultConfigurationName = Release;
		};
/* End XCConfigurationList section */
	};
	rootObject = 649A9264293A2D0D0033D6C3 /* Project object */;
}
